// !$*UTF8*$!
{
	archiveVersion = 1;
	classes = {
	};
	objectVersion = 50;
	objects = {

/* Begin PBXBuildFile section */
		8C22172124FA8B2600BAE85D /* AppDelegate.swift in Sources */ = {isa = PBXBuildFile; fileRef = 8C22172024FA8B2600BAE85D /* AppDelegate.swift */; };
		8C22172324FA8B2600BAE85D /* ViewController.swift in Sources */ = {isa = PBXBuildFile; fileRef = 8C22172224FA8B2600BAE85D /* ViewController.swift */; };
		8C22172524FA8B2700BAE85D /* Assets.xcassets in Resources */ = {isa = PBXBuildFile; fileRef = 8C22172424FA8B2700BAE85D /* Assets.xcassets */; };
		8C22172824FA8B2700BAE85D /* Main.storyboard in Resources */ = {isa = PBXBuildFile; fileRef = 8C22172624FA8B2700BAE85D /* Main.storyboard */; };
		8C22173324FA8F3700BAE85D /* DataImporter.swift in Sources */ = {isa = PBXBuildFile; fileRef = 8C22173224FA8F3700BAE85D /* DataImporter.swift */; };
		8C22173524FA8F8400BAE85D /* ContentsFeed.swift in Sources */ = {isa = PBXBuildFile; fileRef = 8C22173424FA8F8400BAE85D /* ContentsFeed.swift */; };
		8C22173724FA916000BAE85D /* DataStore.swift in Sources */ = {isa = PBXBuildFile; fileRef = 8C22173624FA916000BAE85D /* DataStore.swift */; };
		8C22173B24FA921000BAE85D /* SessionVideo.swift in Sources */ = {isa = PBXBuildFile; fileRef = 8C22173A24FA921000BAE85D /* SessionVideo.swift */; };
		8C22173F24FA97F800BAE85D /* VideoList.swift in Sources */ = {isa = PBXBuildFile; fileRef = 8C22173E24FA97F800BAE85D /* VideoList.swift */; };
		8C22174124FA992A00BAE85D /* PreviewStore.swift in Sources */ = {isa = PBXBuildFile; fileRef = 8C22174024FA992A00BAE85D /* PreviewStore.swift */; };
		8C22174324FA9C8100BAE85D /* VideoListView.swift in Sources */ = {isa = PBXBuildFile; fileRef = 8C22174224FA9C8100BAE85D /* VideoListView.swift */; };
		8C22174624FAA77200BAE85D /* VideoDetailViewController.swift in Sources */ = {isa = PBXBuildFile; fileRef = 8C22174524FAA77200BAE85D /* VideoDetailViewController.swift */; };
		8C22174924FAA87000BAE85D /* MainWindowController.swift in Sources */ = {isa = PBXBuildFile; fileRef = 8C22174824FAA87000BAE85D /* MainWindowController.swift */; };
		8C22174B24FAA93C00BAE85D /* VideoListController.swift in Sources */ = {isa = PBXBuildFile; fileRef = 8C22174A24FAA93C00BAE85D /* VideoListController.swift */; };
/* End PBXBuildFile section */

/* Begin PBXFileReference section */
		8C22171D24FA8B2600BAE85D /* WWLite.app */ = {isa = PBXFileReference; explicitFileType = wrapper.application; includeInIndex = 0; path = WWLite.app; sourceTree = BUILT_PRODUCTS_DIR; };
		8C22172024FA8B2600BAE85D /* AppDelegate.swift */ = {isa = PBXFileReference; lastKnownFileType = sourcecode.swift; path = AppDelegate.swift; sourceTree = "<group>"; };
		8C22172224FA8B2600BAE85D /* ViewController.swift */ = {isa = PBXFileReference; lastKnownFileType = sourcecode.swift; path = ViewController.swift; sourceTree = "<group>"; };
		8C22172424FA8B2700BAE85D /* Assets.xcassets */ = {isa = PBXFileReference; lastKnownFileType = folder.assetcatalog; path = Assets.xcassets; sourceTree = "<group>"; };
		8C22172724FA8B2700BAE85D /* Base */ = {isa = PBXFileReference; lastKnownFileType = file.storyboard; name = Base; path = Base.lproj/Main.storyboard; sourceTree = "<group>"; };
		8C22172924FA8B2700BAE85D /* Info.plist */ = {isa = PBXFileReference; lastKnownFileType = text.plist.xml; path = Info.plist; sourceTree = "<group>"; };
		8C22172A24FA8B2700BAE85D /* WWLite.entitlements */ = {isa = PBXFileReference; lastKnownFileType = text.plist.entitlements; path = WWLite.entitlements; sourceTree = "<group>"; };
		8C22173224FA8F3700BAE85D /* DataImporter.swift */ = {isa = PBXFileReference; lastKnownFileType = sourcecode.swift; path = DataImporter.swift; sourceTree = "<group>"; };
		8C22173424FA8F8400BAE85D /* ContentsFeed.swift */ = {isa = PBXFileReference; lastKnownFileType = sourcecode.swift; path = ContentsFeed.swift; sourceTree = "<group>"; };
		8C22173624FA916000BAE85D /* DataStore.swift */ = {isa = PBXFileReference; lastKnownFileType = sourcecode.swift; path = DataStore.swift; sourceTree = "<group>"; };
		8C22173A24FA921000BAE85D /* SessionVideo.swift */ = {isa = PBXFileReference; lastKnownFileType = sourcecode.swift; path = SessionVideo.swift; sourceTree = "<group>"; };
		8C22173E24FA97F800BAE85D /* VideoList.swift */ = {isa = PBXFileReference; lastKnownFileType = sourcecode.swift; path = VideoList.swift; sourceTree = "<group>"; };
		8C22174024FA992A00BAE85D /* PreviewStore.swift */ = {isa = PBXFileReference; lastKnownFileType = sourcecode.swift; path = PreviewStore.swift; sourceTree = "<group>"; };
		8C22174224FA9C8100BAE85D /* VideoListView.swift */ = {isa = PBXFileReference; lastKnownFileType = sourcecode.swift; path = VideoListView.swift; sourceTree = "<group>"; };
		8C22174524FAA77200BAE85D /* VideoDetailViewController.swift */ = {isa = PBXFileReference; lastKnownFileType = sourcecode.swift; path = VideoDetailViewController.swift; sourceTree = "<group>"; };
		8C22174824FAA87000BAE85D /* MainWindowController.swift */ = {isa = PBXFileReference; lastKnownFileType = sourcecode.swift; path = MainWindowController.swift; sourceTree = "<group>"; };
		8C22174A24FAA93C00BAE85D /* VideoListController.swift */ = {isa = PBXFileReference; lastKnownFileType = sourcecode.swift; path = VideoListController.swift; sourceTree = "<group>"; };
/* End PBXFileReference section */

/* Begin PBXFrameworksBuildPhase section */
		8C22171A24FA8B2600BAE85D /* Frameworks */ = {
			isa = PBXFrameworksBuildPhase;
			buildActionMask = 2147483647;
			files = (
			);
			runOnlyForDeploymentPostprocessing = 0;
		};
/* End PBXFrameworksBuildPhase section */

/* Begin PBXGroup section */
		8C22171424FA8B2600BAE85D = {
			isa = PBXGroup;
			children = (
				8C22171F24FA8B2600BAE85D /* WWLite */,
				8C22171E24FA8B2600BAE85D /* Products */,
			);
			sourceTree = "<group>";
		};
		8C22171E24FA8B2600BAE85D /* Products */ = {
			isa = PBXGroup;
			children = (
				8C22171D24FA8B2600BAE85D /* WWLite.app */,
			);
			name = Products;
			sourceTree = "<group>";
		};
		8C22171F24FA8B2600BAE85D /* WWLite */ = {
			isa = PBXGroup;
			children = (
				8C22173124FA8F2A00BAE85D /* Data */,
				8C22173024FA8F2400BAE85D /* Importer */,
				8C22173C24FA97D100BAE85D /* Views */,
				8C22172024FA8B2600BAE85D /* AppDelegate.swift */,
				8C22172224FA8B2600BAE85D /* ViewController.swift */,
				8C22172424FA8B2700BAE85D /* Assets.xcassets */,
				8C22172624FA8B2700BAE85D /* Main.storyboard */,
				8C22172924FA8B2700BAE85D /* Info.plist */,
				8C22172A24FA8B2700BAE85D /* WWLite.entitlements */,
			);
			path = WWLite;
			sourceTree = "<group>";
		};
		8C22173024FA8F2400BAE85D /* Importer */ = {
			isa = PBXGroup;
			children = (
				8C22173424FA8F8400BAE85D /* ContentsFeed.swift */,
				8C22173224FA8F3700BAE85D /* DataImporter.swift */,
			);
			path = Importer;
			sourceTree = "<group>";
		};
		8C22173124FA8F2A00BAE85D /* Data */ = {
			isa = PBXGroup;
			children = (
				8C22173624FA916000BAE85D /* DataStore.swift */,
				8C22174024FA992A00BAE85D /* PreviewStore.swift */,
				8C22173A24FA921000BAE85D /* SessionVideo.swift */,
			);
			path = Data;
			sourceTree = "<group>";
		};
		8C22173C24FA97D100BAE85D /* Views */ = {
			isa = PBXGroup;
			children = (
				8C22174724FAA86200BAE85D /* Main */,
				8C22173D24FA97E800BAE85D /* Sidebar */,
				8C22174424FAA74600BAE85D /* Detail */,
			);
			path = Views;
			sourceTree = "<group>";
		};
		8C22173D24FA97E800BAE85D /* Sidebar */ = {
			isa = PBXGroup;
			children = (
				8C22173E24FA97F800BAE85D /* VideoList.swift */,
				8C22174A24FAA93C00BAE85D /* VideoListController.swift */,
				8C22174224FA9C8100BAE85D /* VideoListView.swift */,
			);
			path = Sidebar;
			sourceTree = "<group>";
		};
		8C22174424FAA74600BAE85D /* Detail */ = {
			isa = PBXGroup;
			children = (
				8C22174524FAA77200BAE85D /* VideoDetailViewController.swift */,
			);
			path = Detail;
			sourceTree = "<group>";
		};
		8C22174724FAA86200BAE85D /* Main */ = {
			isa = PBXGroup;
			children = (
				8C22174824FAA87000BAE85D /* MainWindowController.swift */,
			);
			path = Main;
			sourceTree = "<group>";
		};
/* End PBXGroup section */

/* Begin PBXNativeTarget section */
		8C22171C24FA8B2600BAE85D /* WWLite */ = {
			isa = PBXNativeTarget;
			buildConfigurationList = 8C22172D24FA8B2700BAE85D /* Build configuration list for PBXNativeTarget "WWLite" */;
			buildPhases = (
				8C22171924FA8B2600BAE85D /* Sources */,
				8C22171A24FA8B2600BAE85D /* Frameworks */,
				8C22171B24FA8B2600BAE85D /* Resources */,
			);
			buildRules = (
			);
			dependencies = (
			);
			name = WWLite;
			productName = WWLite;
			productReference = 8C22171D24FA8B2600BAE85D /* WWLite.app */;
			productType = "com.apple.product-type.application";
		};
/* End PBXNativeTarget section */

/* Begin PBXProject section */
		8C22171524FA8B2600BAE85D /* Project object */ = {
			isa = PBXProject;
			attributes = {
				LastSwiftUpdateCheck = 1150;
				LastUpgradeCheck = 1150;
				ORGANIZATIONNAME = "Kuba Suder";
				TargetAttributes = {
					8C22171C24FA8B2600BAE85D = {
						CreatedOnToolsVersion = 11.5;
					};
				};
			};
			buildConfigurationList = 8C22171824FA8B2600BAE85D /* Build configuration list for PBXProject "WWLite" */;
			compatibilityVersion = "Xcode 9.3";
			developmentRegion = en;
			hasScannedForEncodings = 0;
			knownRegions = (
				en,
				Base,
			);
			mainGroup = 8C22171424FA8B2600BAE85D;
			productRefGroup = 8C22171E24FA8B2600BAE85D /* Products */;
			projectDirPath = "";
			projectRoot = "";
			targets = (
				8C22171C24FA8B2600BAE85D /* WWLite */,
			);
		};
/* End PBXProject section */

/* Begin PBXResourcesBuildPhase section */
		8C22171B24FA8B2600BAE85D /* Resources */ = {
			isa = PBXResourcesBuildPhase;
			buildActionMask = 2147483647;
			files = (
				8C22172524FA8B2700BAE85D /* Assets.xcassets in Resources */,
				8C22172824FA8B2700BAE85D /* Main.storyboard in Resources */,
			);
			runOnlyForDeploymentPostprocessing = 0;
		};
/* End PBXResourcesBuildPhase section */

/* Begin PBXSourcesBuildPhase section */
		8C22171924FA8B2600BAE85D /* Sources */ = {
			isa = PBXSourcesBuildPhase;
			buildActionMask = 2147483647;
			files = (
				8C22173F24FA97F800BAE85D /* VideoList.swift in Sources */,
				8C22173324FA8F3700BAE85D /* DataImporter.swift in Sources */,
				8C22172324FA8B2600BAE85D /* ViewController.swift in Sources */,
				8C22174624FAA77200BAE85D /* VideoDetailViewController.swift in Sources */,
				8C22173B24FA921000BAE85D /* SessionVideo.swift in Sources */,
				8C22174124FA992A00BAE85D /* PreviewStore.swift in Sources */,
				8C22174324FA9C8100BAE85D /* VideoListView.swift in Sources */,
				8C22174B24FAA93C00BAE85D /* VideoListController.swift in Sources */,
				8C22172124FA8B2600BAE85D /* AppDelegate.swift in Sources */,
				8C22174924FAA87000BAE85D /* MainWindowController.swift in Sources */,
				8C22173724FA916000BAE85D /* DataStore.swift in Sources */,
				8C22173524FA8F8400BAE85D /* ContentsFeed.swift in Sources */,
			);
			runOnlyForDeploymentPostprocessing = 0;
		};
/* End PBXSourcesBuildPhase section */

/* Begin PBXVariantGroup section */
		8C22172624FA8B2700BAE85D /* Main.storyboard */ = {
			isa = PBXVariantGroup;
			children = (
				8C22172724FA8B2700BAE85D /* Base */,
			);
			name = Main.storyboard;
			sourceTree = "<group>";
		};
/* End PBXVariantGroup section */

/* Begin XCBuildConfiguration section */
		8C22172B24FA8B2700BAE85D /* Debug */ = {
			isa = XCBuildConfiguration;
			buildSettings = {
				ALWAYS_SEARCH_USER_PATHS = NO;
				CLANG_ANALYZER_NONNULL = YES;
				CLANG_ANALYZER_NUMBER_OBJECT_CONVERSION = YES_AGGRESSIVE;
				CLANG_CXX_LANGUAGE_STANDARD = "gnu++14";
				CLANG_CXX_LIBRARY = "libc++";
				CLANG_ENABLE_MODULES = YES;
				CLANG_ENABLE_OBJC_ARC = YES;
				CLANG_ENABLE_OBJC_WEAK = YES;
				CLANG_WARN_BLOCK_CAPTURE_AUTORELEASING = YES;
				CLANG_WARN_BOOL_CONVERSION = YES;
				CLANG_WARN_COMMA = YES;
				CLANG_WARN_CONSTANT_CONVERSION = YES;
				CLANG_WARN_DEPRECATED_OBJC_IMPLEMENTATIONS = YES;
				CLANG_WARN_DIRECT_OBJC_ISA_USAGE = YES_ERROR;
				CLANG_WARN_DOCUMENTATION_COMMENTS = YES;
				CLANG_WARN_EMPTY_BODY = YES;
				CLANG_WARN_ENUM_CONVERSION = YES;
				CLANG_WARN_INFINITE_RECURSION = YES;
				CLANG_WARN_INT_CONVERSION = YES;
				CLANG_WARN_NON_LITERAL_NULL_CONVERSION = YES;
				CLANG_WARN_OBJC_IMPLICIT_RETAIN_SELF = YES;
				CLANG_WARN_OBJC_LITERAL_CONVERSION = YES;
				CLANG_WARN_OBJC_ROOT_CLASS = YES_ERROR;
				CLANG_WARN_RANGE_LOOP_ANALYSIS = YES;
				CLANG_WARN_STRICT_PROTOTYPES = YES;
				CLANG_WARN_SUSPICIOUS_MOVE = YES;
				CLANG_WARN_UNGUARDED_AVAILABILITY = YES_AGGRESSIVE;
				CLANG_WARN_UNREACHABLE_CODE = YES;
				CLANG_WARN__DUPLICATE_METHOD_MATCH = YES;
				COPY_PHASE_STRIP = NO;
				DEBUG_INFORMATION_FORMAT = dwarf;
				ENABLE_STRICT_OBJC_MSGSEND = YES;
				ENABLE_TESTABILITY = YES;
				GCC_C_LANGUAGE_STANDARD = gnu11;
				GCC_DYNAMIC_NO_PIC = NO;
				GCC_NO_COMMON_BLOCKS = YES;
				GCC_OPTIMIZATION_LEVEL = 0;
				GCC_PREPROCESSOR_DEFINITIONS = (
					"DEBUG=1",
					"$(inherited)",
				);
				GCC_WARN_64_TO_32_BIT_CONVERSION = YES;
				GCC_WARN_ABOUT_RETURN_TYPE = YES_ERROR;
				GCC_WARN_UNDECLARED_SELECTOR = YES;
				GCC_WARN_UNINITIALIZED_AUTOS = YES_AGGRESSIVE;
				GCC_WARN_UNUSED_FUNCTION = YES;
				GCC_WARN_UNUSED_VARIABLE = YES;
				MACOSX_DEPLOYMENT_TARGET = 10.15;
				MTL_ENABLE_DEBUG_INFO = INCLUDE_SOURCE;
				MTL_FAST_MATH = YES;
				ONLY_ACTIVE_ARCH = YES;
				SDKROOT = macosx;
				SWIFT_ACTIVE_COMPILATION_CONDITIONS = DEBUG;
				SWIFT_OPTIMIZATION_LEVEL = "-Onone";
			};
			name = Debug;
		};
		8C22172C24FA8B2700BAE85D /* Release */ = {
			isa = XCBuildConfiguration;
			buildSettings = {
				ALWAYS_SEARCH_USER_PATHS = NO;
				CLANG_ANALYZER_NONNULL = YES;
				CLANG_ANALYZER_NUMBER_OBJECT_CONVERSION = YES_AGGRESSIVE;
				CLANG_CXX_LANGUAGE_STANDARD = "gnu++14";
				CLANG_CXX_LIBRARY = "libc++";
				CLANG_ENABLE_MODULES = YES;
				CLANG_ENABLE_OBJC_ARC = YES;
				CLANG_ENABLE_OBJC_WEAK = YES;
				CLANG_WARN_BLOCK_CAPTURE_AUTORELEASING = YES;
				CLANG_WARN_BOOL_CONVERSION = YES;
				CLANG_WARN_COMMA = YES;
				CLANG_WARN_CONSTANT_CONVERSION = YES;
				CLANG_WARN_DEPRECATED_OBJC_IMPLEMENTATIONS = YES;
				CLANG_WARN_DIRECT_OBJC_ISA_USAGE = YES_ERROR;
				CLANG_WARN_DOCUMENTATION_COMMENTS = YES;
				CLANG_WARN_EMPTY_BODY = YES;
				CLANG_WARN_ENUM_CONVERSION = YES;
				CLANG_WARN_INFINITE_RECURSION = YES;
				CLANG_WARN_INT_CONVERSION = YES;
				CLANG_WARN_NON_LITERAL_NULL_CONVERSION = YES;
				CLANG_WARN_OBJC_IMPLICIT_RETAIN_SELF = YES;
				CLANG_WARN_OBJC_LITERAL_CONVERSION = YES;
				CLANG_WARN_OBJC_ROOT_CLASS = YES_ERROR;
				CLANG_WARN_RANGE_LOOP_ANALYSIS = YES;
				CLANG_WARN_STRICT_PROTOTYPES = YES;
				CLANG_WARN_SUSPICIOUS_MOVE = YES;
				CLANG_WARN_UNGUARDED_AVAILABILITY = YES_AGGRESSIVE;
				CLANG_WARN_UNREACHABLE_CODE = YES;
				CLANG_WARN__DUPLICATE_METHOD_MATCH = YES;
				COPY_PHASE_STRIP = NO;
				DEBUG_INFORMATION_FORMAT = "dwarf-with-dsym";
				ENABLE_NS_ASSERTIONS = NO;
				ENABLE_STRICT_OBJC_MSGSEND = YES;
				GCC_C_LANGUAGE_STANDARD = gnu11;
				GCC_NO_COMMON_BLOCKS = YES;
				GCC_WARN_64_TO_32_BIT_CONVERSION = YES;
				GCC_WARN_ABOUT_RETURN_TYPE = YES_ERROR;
				GCC_WARN_UNDECLARED_SELECTOR = YES;
				GCC_WARN_UNINITIALIZED_AUTOS = YES_AGGRESSIVE;
				GCC_WARN_UNUSED_FUNCTION = YES;
				GCC_WARN_UNUSED_VARIABLE = YES;
				MACOSX_DEPLOYMENT_TARGET = 10.15;
				MTL_ENABLE_DEBUG_INFO = NO;
				MTL_FAST_MATH = YES;
				SDKROOT = macosx;
				SWIFT_COMPILATION_MODE = wholemodule;
				SWIFT_OPTIMIZATION_LEVEL = "-O";
			};
			name = Release;
		};
		8C22172E24FA8B2700BAE85D /* Debug */ = {
			isa = XCBuildConfiguration;
			buildSettings = {
				ASSETCATALOG_COMPILER_APPICON_NAME = AppIcon;
				CODE_SIGN_ENTITLEMENTS = WWLite/WWLite.entitlements;
				CODE_SIGN_STYLE = Automatic;
				COMBINE_HIDPI_IMAGES = YES;
				DEVELOPMENT_TEAM = KL585M628D;
				ENABLE_HARDENED_RUNTIME = YES;
				INFOPLIST_FILE = WWLite/Info.plist;
				LD_RUNPATH_SEARCH_PATHS = (
					"$(inherited)",
					"@executable_path/../Frameworks",
				);
				PRODUCT_BUNDLE_IDENTIFIER = eu.mackuba.WWLite;
				PRODUCT_NAME = "$(TARGET_NAME)";
				SWIFT_VERSION = 5.0;
			};
			name = Debug;
		};
		8C22172F24FA8B2700BAE85D /* Release */ = {
			isa = XCBuildConfiguration;
			buildSettings = {
				ASSETCATALOG_COMPILER_APPICON_NAME = AppIcon;
				CODE_SIGN_ENTITLEMENTS = WWLite/WWLite.entitlements;
				CODE_SIGN_STYLE = Automatic;
				COMBINE_HIDPI_IMAGES = YES;
				DEVELOPMENT_TEAM = KL585M628D;
				ENABLE_HARDENED_RUNTIME = YES;
				INFOPLIST_FILE = WWLite/Info.plist;
				LD_RUNPATH_SEARCH_PATHS = (
					"$(inherited)",
					"@executable_path/../Frameworks",
				);
				PRODUCT_BUNDLE_IDENTIFIER = eu.mackuba.WWLite;
				PRODUCT_NAME = "$(TARGET_NAME)";
				SWIFT_VERSION = 5.0;
			};
			name = Release;
		};
/* End XCBuildConfiguration section */

/* Begin XCConfigurationList section */
		8C22171824FA8B2600BAE85D /* Build configuration list for PBXProject "WWLite" */ = {
			isa = XCConfigurationList;
			buildConfigurations = (
				8C22172B24FA8B2700BAE85D /* Debug */,
				8C22172C24FA8B2700BAE85D /* Release */,
			);
			defaultConfigurationIsVisible = 0;
			defaultConfigurationName = Release;
		};
		8C22172D24FA8B2700BAE85D /* Build configuration list for PBXNativeTarget "WWLite" */ = {
			isa = XCConfigurationList;
			buildConfigurations = (
				8C22172E24FA8B2700BAE85D /* Debug */,
				8C22172F24FA8B2700BAE85D /* Release */,
			);
			defaultConfigurationIsVisible = 0;
			defaultConfigurationName = Release;
		};
/* End XCConfigurationList section */
	};
	rootObject = 8C22171524FA8B2600BAE85D /* Project object */;
}
